
Microsoft Visual Studio Solution File, Format Version 12.00
# Visual Studio Version 16
VisualStudioVersion = 16.0.31410.357
MinimumVisualStudioVersion = 10.0.40219.1
Project("{FAE04EC0-301F-11D3-BF4B-00C04F79EFBC}") = "BlazorStopwatchWithRecurop", "BlazorStopwatchWithRecurop\BlazorStopwatchWithRecurop.csproj", "{BECFB74F-6B1E-47E9-81E0-A9090C695852}"
EndProject
Global
	GlobalSection(SolutionConfigurationPlatforms) = preSolution
		Debug|Any CPU = Debug|Any CPU
		Release|Any CPU = Release|Any CPU
	EndGlobalSection
	GlobalSection(ProjectConfigurationPlatforms) = postSolution
		{BECFB74F-6B1E-47E9-81E0-A9090C695852}.Debug|Any CPU.ActiveCfg = Debug|Any CPU
		{BECFB74F-6B1E-47E9-81E0-A9090C695852}.Debug|Any CPU.Build.0 = Debug|Any CPU
		{BECFB74F-6B1E-47E9-81E0-A9090C695852}.Release|Any CPU.ActiveCfg = Release|Any CPU
		{BECFB74F-6B1E-47E9-81E0-A9090C695852}.Release|Any CPU.Build.0 = Release|Any CPU
	EndGlobalSection
	GlobalSection(SolutionProperties) = preSolution
		HideSolutionNode = FALSE
	EndGlobalSection
	GlobalSection(ExtensibilityGlobals) = postSolution
		SolutionGuid = {87CFD843-21DF-41F0-B566-FF7145CBDCB4}
	EndGlobalSection
EndGlobal
